
Microsoft Visual Studio Solution File, Format Version 12.00
# Visual Studio 15
VisualStudioVersion = 15.0.26430.6
MinimumVisualStudioVersion = 10.0.40219.1
Project("{FAE04EC0-301F-11D3-BF4B-00C04F79EFBC}") = "AITDNEight", "AITDNEight\AITDNEight.csproj", "{A3131A98-BA7A-4F99-AA9A-A988D7C2AEF3}"
EndProject
Global
	GlobalSection(SolutionConfigurationPlatforms) = preSolution
		Debug|Any CPU = Debug|Any CPU
		Release|Any CPU = Release|Any CPU
	EndGlobalSection
	GlobalSection(ProjectConfigurationPlatforms) = postSolution
		{A3131A98-BA7A-4F99-AA9A-A988D7C2AEF3}.Debug|Any CPU.ActiveCfg = Debug|Any CPU
		{A3131A98-BA7A-4F99-AA9A-A988D7C2AEF3}.Debug|Any CPU.Build.0 = Debug|Any CPU
		{A3131A98-BA7A-4F99-AA9A-A988D7C2AEF3}.Release|Any CPU.ActiveCfg = Release|Any CPU
		{A3131A98-BA7A-4F99-AA9A-A988D7C2AEF3}.Release|Any CPU.Build.0 = Release|Any CPU
	EndGlobalSection
	GlobalSection(SolutionProperties) = preSolution
		HideSolutionNode = FALSE
	EndGlobalSection
EndGlobal
